// !$*UTF8*$!
{
	archiveVersion = 1;
	classes = {
	};
	objectVersion = 48;
	objects = {

/* Begin PBXBuildFile section */
		F304AB1E1FBD55F5004E55B5 /* Ships.swift in Sources */ = {isa = PBXBuildFile; fileRef = F304AB1D1FBD55F5004E55B5 /* Ships.swift */; };
		F328C27E1FB803DF00A8830F /* AppDelegate.swift in Sources */ = {isa = PBXBuildFile; fileRef = F328C27D1FB803DF00A8830F /* AppDelegate.swift */; };
		F328C2841FB803DF00A8830F /* GameScene.swift in Sources */ = {isa = PBXBuildFile; fileRef = F328C2831FB803DF00A8830F /* GameScene.swift */; };
		F328C2861FB803DF00A8830F /* GameViewController.swift in Sources */ = {isa = PBXBuildFile; fileRef = F328C2851FB803DF00A8830F /* GameViewController.swift */; };
		F328C2891FB803DF00A8830F /* Main.storyboard in Resources */ = {isa = PBXBuildFile; fileRef = F328C2871FB803DF00A8830F /* Main.storyboard */; };
		F328C28B1FB803DF00A8830F /* Assets.xcassets in Resources */ = {isa = PBXBuildFile; fileRef = F328C28A1FB803DF00A8830F /* Assets.xcassets */; };
		F328C28E1FB803DF00A8830F /* LaunchScreen.storyboard in Resources */ = {isa = PBXBuildFile; fileRef = F328C28C1FB803DF00A8830F /* LaunchScreen.storyboard */; };
		F328C2A91FB81A7A00A8830F /* MyUtils.swift in Sources */ = {isa = PBXBuildFile; fileRef = F328C2A81FB81A7A00A8830F /* MyUtils.swift */; };
		F363BF4A1FBAD7C10073054B /* SKAction+Extensions.swift in Sources */ = {isa = PBXBuildFile; fileRef = F363BF491FBAD7C10073054B /* SKAction+Extensions.swift */; };
		F363BF4C1FBADDF10073054B /* PlanetSide.swift in Sources */ = {isa = PBXBuildFile; fileRef = F363BF4B1FBADDF10073054B /* PlanetSide.swift */; };
		F363C0431FBAF6110073054B /* sfx_sound_mechanicalnoise6.wav in Resources */ = {isa = PBXBuildFile; fileRef = F363C0421FBAF6100073054B /* sfx_sound_mechanicalnoise6.wav */; };
		F383A98B1FB98F8300547838 /* GameOverScene.swift in Sources */ = {isa = PBXBuildFile; fileRef = F383A98A1FB98F8300547838 /* GameOverScene.swift */; };
		F383A98D1FB9920200547838 /* sfx_wpn_laser11.wav in Resources */ = {isa = PBXBuildFile; fileRef = F383A98C1FB9920200547838 /* sfx_wpn_laser11.wav */; };
		F383A98F1FB9922500547838 /* sfx_exp_odd4.wav in Resources */ = {isa = PBXBuildFile; fileRef = F383A98E1FB9922500547838 /* sfx_exp_odd4.wav */; };
		F383A9911FB9923500547838 /* sfx_exp_odd6.wav in Resources */ = {isa = PBXBuildFile; fileRef = F383A9901FB9923400547838 /* sfx_exp_odd6.wav */; };
		F383A9931FB9924100547838 /* sfx_exp_shortest_hard5.wav in Resources */ = {isa = PBXBuildFile; fileRef = F383A9921FB9924000547838 /* sfx_exp_shortest_hard5.wav */; };
		F383A9951FB9929B00547838 /* sfx_deathscream_human3.wav in Resources */ = {isa = PBXBuildFile; fileRef = F383A9941FB9929A00547838 /* sfx_deathscream_human3.wav */; };
		F383A9971FB9976700547838 /* YouDie.png in Resources */ = {isa = PBXBuildFile; fileRef = F383A9961FB9976700547838 /* YouDie.png */; };
		F3F340381FBB80CE003B9940 /* Silom.ttf in Resources */ = {isa = PBXBuildFile; fileRef = F3F340371FBB801C003B9940 /* Silom.ttf */; };
		F3F3404E1FBBEED8003B9940 /* shipyard.png in Resources */ = {isa = PBXBuildFile; fileRef = F3F3404D1FBBEED8003B9940 /* shipyard.png */; };
		F3F340501FBBF6A3003B9940 /* sfx_sounds_falling8.wav in Resources */ = {isa = PBXBuildFile; fileRef = F3F3404F1FBBF6A2003B9940 /* sfx_sounds_falling8.wav */; };
		F3F340521FBBF6BF003B9940 /* sfx_movement_portal4.wav in Resources */ = {isa = PBXBuildFile; fileRef = F3F340511FBBF6BF003B9940 /* sfx_movement_portal4.wav */; };
/* End PBXBuildFile section */

/* Begin PBXFileReference section */
		F304AB1D1FBD55F5004E55B5 /* Ships.swift */ = {isa = PBXFileReference; lastKnownFileType = sourcecode.swift; path = Ships.swift; sourceTree = "<group>"; };
		F328C27A1FB803DF00A8830F /* Mercenary.app */ = {isa = PBXFileReference; explicitFileType = wrapper.application; includeInIndex = 0; path = Mercenary.app; sourceTree = BUILT_PRODUCTS_DIR; };
		F328C27D1FB803DF00A8830F /* AppDelegate.swift */ = {isa = PBXFileReference; lastKnownFileType = sourcecode.swift; path = AppDelegate.swift; sourceTree = "<group>"; };
		F328C2831FB803DF00A8830F /* GameScene.swift */ = {isa = PBXFileReference; lastKnownFileType = sourcecode.swift; path = GameScene.swift; sourceTree = "<group>"; };
		F328C2851FB803DF00A8830F /* GameViewController.swift */ = {isa = PBXFileReference; lastKnownFileType = sourcecode.swift; path = GameViewController.swift; sourceTree = "<group>"; };
		F328C2881FB803DF00A8830F /* Base */ = {isa = PBXFileReference; lastKnownFileType = file.storyboard; name = Base; path = Base.lproj/Main.storyboard; sourceTree = "<group>"; };
		F328C28A1FB803DF00A8830F /* Assets.xcassets */ = {isa = PBXFileReference; lastKnownFileType = folder.assetcatalog; path = Assets.xcassets; sourceTree = "<group>"; };
		F328C28D1FB803DF00A8830F /* Base */ = {isa = PBXFileReference; lastKnownFileType = file.storyboard; name = Base; path = Base.lproj/LaunchScreen.storyboard; sourceTree = "<group>"; };
		F328C28F1FB803DF00A8830F /* Info.plist */ = {isa = PBXFileReference; lastKnownFileType = text.plist.xml; path = Info.plist; sourceTree = "<group>"; };
		F328C2A81FB81A7A00A8830F /* MyUtils.swift */ = {isa = PBXFileReference; fileEncoding = 4; lastKnownFileType = sourcecode.swift; path = MyUtils.swift; sourceTree = "<group>"; };
		F363BF491FBAD7C10073054B /* SKAction+Extensions.swift */ = {isa = PBXFileReference; fileEncoding = 4; lastKnownFileType = sourcecode.swift; name = "SKAction+Extensions.swift"; path = "../../../Downloads/2D_Apple_Games_by_Tutorials_3/16-particle-systems/final/DropCharge/DropCharge/SKTUtils/SKAction+Extensions.swift"; sourceTree = "<group>"; };
		F363BF4B1FBADDF10073054B /* PlanetSide.swift */ = {isa = PBXFileReference; lastKnownFileType = sourcecode.swift; path = PlanetSide.swift; sourceTree = "<group>"; };
		F363C0421FBAF6100073054B /* sfx_sound_mechanicalnoise6.wav */ = {isa = PBXFileReference; lastKnownFileType = audio.wav; path = sfx_sound_mechanicalnoise6.wav; sourceTree = "<group>"; };
		F383A98A1FB98F8300547838 /* GameOverScene.swift */ = {isa = PBXFileReference; lastKnownFileType = sourcecode.swift; path = GameOverScene.swift; sourceTree = "<group>"; };
		F383A98C1FB9920200547838 /* sfx_wpn_laser11.wav */ = {isa = PBXFileReference; lastKnownFileType = audio.wav; path = sfx_wpn_laser11.wav; sourceTree = "<group>"; };
		F383A98E1FB9922500547838 /* sfx_exp_odd4.wav */ = {isa = PBXFileReference; lastKnownFileType = audio.wav; path = sfx_exp_odd4.wav; sourceTree = "<group>"; };
		F383A9901FB9923400547838 /* sfx_exp_odd6.wav */ = {isa = PBXFileReference; lastKnownFileType = audio.wav; path = sfx_exp_odd6.wav; sourceTree = "<group>"; };
		F383A9921FB9924000547838 /* sfx_exp_shortest_hard5.wav */ = {isa = PBXFileReference; lastKnownFileType = audio.wav; path = sfx_exp_shortest_hard5.wav; sourceTree = "<group>"; };
		F383A9941FB9929A00547838 /* sfx_deathscream_human3.wav */ = {isa = PBXFileReference; lastKnownFileType = audio.wav; path = sfx_deathscream_human3.wav; sourceTree = "<group>"; };
		F383A9961FB9976700547838 /* YouDie.png */ = {isa = PBXFileReference; lastKnownFileType = image.png; path = YouDie.png; sourceTree = "<group>"; };
		F3F340371FBB801C003B9940 /* Silom.ttf */ = {isa = PBXFileReference; lastKnownFileType = file; path = Silom.ttf; sourceTree = "<group>"; };
		F3F3404D1FBBEED8003B9940 /* shipyard.png */ = {isa = PBXFileReference; lastKnownFileType = image.png; name = shipyard.png; path = ../../Buttons/shipyard.png; sourceTree = "<group>"; };
		F3F3404F1FBBF6A2003B9940 /* sfx_sounds_falling8.wav */ = {isa = PBXFileReference; lastKnownFileType = audio.wav; path = sfx_sounds_falling8.wav; sourceTree = "<group>"; };
		F3F340511FBBF6BF003B9940 /* sfx_movement_portal4.wav */ = {isa = PBXFileReference; lastKnownFileType = audio.wav; path = sfx_movement_portal4.wav; sourceTree = "<group>"; };
/* End PBXFileReference section */

/* Begin PBXFrameworksBuildPhase section */
		F328C2771FB803DF00A8830F /* Frameworks */ = {
			isa = PBXFrameworksBuildPhase;
			buildActionMask = 2147483647;
			files = (
			);
			runOnlyForDeploymentPostprocessing = 0;
		};
/* End PBXFrameworksBuildPhase section */

/* Begin PBXGroup section */
		F328C2711FB803DF00A8830F = {
			isa = PBXGroup;
			children = (
				F328C27C1FB803DF00A8830F /* Mercenary */,
				F328C27B1FB803DF00A8830F /* Products */,
			);
			sourceTree = "<group>";
		};
		F328C27B1FB803DF00A8830F /* Products */ = {
			isa = PBXGroup;
			children = (
				F328C27A1FB803DF00A8830F /* Mercenary.app */,
			);
			name = Products;
			sourceTree = "<group>";
		};
		F328C27C1FB803DF00A8830F /* Mercenary */ = {
			isa = PBXGroup;
			children = (
				F328C27D1FB803DF00A8830F /* AppDelegate.swift */,
				F328C2831FB803DF00A8830F /* GameScene.swift */,
				F304AB1D1FBD55F5004E55B5 /* Ships.swift */,
				F383A98A1FB98F8300547838 /* GameOverScene.swift */,
				F363BF4B1FBADDF10073054B /* PlanetSide.swift */,
				F328C2A81FB81A7A00A8830F /* MyUtils.swift */,
				F3F340371FBB801C003B9940 /* Silom.ttf */,
				F328C2851FB803DF00A8830F /* GameViewController.swift */,
				F383A9901FB9923400547838 /* sfx_exp_odd6.wav */,
				F3F340511FBBF6BF003B9940 /* sfx_movement_portal4.wav */,
				F3F3404F1FBBF6A2003B9940 /* sfx_sounds_falling8.wav */,
				F328C2871FB803DF00A8830F /* Main.storyboard */,
				F383A9921FB9924000547838 /* sfx_exp_shortest_hard5.wav */,
				F3F3404D1FBBEED8003B9940 /* shipyard.png */,
				F383A9941FB9929A00547838 /* sfx_deathscream_human3.wav */,
				F363C0421FBAF6100073054B /* sfx_sound_mechanicalnoise6.wav */,
				F383A98E1FB9922500547838 /* sfx_exp_odd4.wav */,
				F383A9961FB9976700547838 /* YouDie.png */,
				F383A98C1FB9920200547838 /* sfx_wpn_laser11.wav */,
				F328C28F1FB803DF00A8830F /* Info.plist */,
				F363BF491FBAD7C10073054B /* SKAction+Extensions.swift */,
				F328C28A1FB803DF00A8830F /* Assets.xcassets */,
				F328C28C1FB803DF00A8830F /* LaunchScreen.storyboard */,
			);
			path = Mercenary;
			sourceTree = "<group>";
		};
/* End PBXGroup section */

/* Begin PBXNativeTarget section */
		F328C2791FB803DF00A8830F /* Mercenary */ = {
			isa = PBXNativeTarget;
			buildConfigurationList = F328C2921FB803DF00A8830F /* Build configuration list for PBXNativeTarget "Mercenary" */;
			buildPhases = (
				F328C2761FB803DF00A8830F /* Sources */,
				F328C2771FB803DF00A8830F /* Frameworks */,
				F328C2781FB803DF00A8830F /* Resources */,
			);
			buildRules = (
			);
			dependencies = (
			);
			name = Mercenary;
			productName = Mercenary;
			productReference = F328C27A1FB803DF00A8830F /* Mercenary.app */;
			productType = "com.apple.product-type.application";
		};
/* End PBXNativeTarget section */

/* Begin PBXProject section */
		F328C2721FB803DF00A8830F /* Project object */ = {
			isa = PBXProject;
			attributes = {
				LastSwiftUpdateCheck = 0910;
				LastUpgradeCheck = 0910;
				ORGANIZATIONNAME = "William Egesdal";
				TargetAttributes = {
					F328C2791FB803DF00A8830F = {
						CreatedOnToolsVersion = 9.1;
						ProvisioningStyle = Automatic;
					};
				};
			};
			buildConfigurationList = F328C2751FB803DF00A8830F /* Build configuration list for PBXProject "Mercenary" */;
			compatibilityVersion = "Xcode 8.0";
			developmentRegion = en;
			hasScannedForEncodings = 0;
			knownRegions = (
				en,
				Base,
			);
			mainGroup = F328C2711FB803DF00A8830F;
			productRefGroup = F328C27B1FB803DF00A8830F /* Products */;
			projectDirPath = "";
			projectRoot = "";
			targets = (
				F328C2791FB803DF00A8830F /* Mercenary */,
			);
		};
/* End PBXProject section */

/* Begin PBXResourcesBuildPhase section */
		F328C2781FB803DF00A8830F /* Resources */ = {
			isa = PBXResourcesBuildPhase;
			buildActionMask = 2147483647;
			files = (
				F328C2891FB803DF00A8830F /* Main.storyboard in Resources */,
				F383A9911FB9923500547838 /* sfx_exp_odd6.wav in Resources */,
				F328C28B1FB803DF00A8830F /* Assets.xcassets in Resources */,
				F3F340501FBBF6A3003B9940 /* sfx_sounds_falling8.wav in Resources */,
				F383A9971FB9976700547838 /* YouDie.png in Resources */,
				F328C28E1FB803DF00A8830F /* LaunchScreen.storyboard in Resources */,
				F3F340381FBB80CE003B9940 /* Silom.ttf in Resources */,
				F383A9951FB9929B00547838 /* sfx_deathscream_human3.wav in Resources */,
				F3F340521FBBF6BF003B9940 /* sfx_movement_portal4.wav in Resources */,
				F383A98F1FB9922500547838 /* sfx_exp_odd4.wav in Resources */,
				F363C0431FBAF6110073054B /* sfx_sound_mechanicalnoise6.wav in Resources */,
				F383A9931FB9924100547838 /* sfx_exp_shortest_hard5.wav in Resources */,
				F3F3404E1FBBEED8003B9940 /* shipyard.png in Resources */,
				F383A98D1FB9920200547838 /* sfx_wpn_laser11.wav in Resources */,
			);
			runOnlyForDeploymentPostprocessing = 0;
		};
/* End PBXResourcesBuildPhase section */

/* Begin PBXSourcesBuildPhase section */
		F328C2761FB803DF00A8830F /* Sources */ = {
			isa = PBXSourcesBuildPhase;
			buildActionMask = 2147483647;
			files = (
				F383A98B1FB98F8300547838 /* GameOverScene.swift in Sources */,
				F363BF4C1FBADDF10073054B /* PlanetSide.swift in Sources */,
				F328C2841FB803DF00A8830F /* GameScene.swift in Sources */,
				F328C2861FB803DF00A8830F /* GameViewController.swift in Sources */,
				F363BF4A1FBAD7C10073054B /* SKAction+Extensions.swift in Sources */,
				F304AB1E1FBD55F5004E55B5 /* Ships.swift in Sources */,
				F328C27E1FB803DF00A8830F /* AppDelegate.swift in Sources */,
				F328C2A91FB81A7A00A8830F /* MyUtils.swift in Sources */,
			);
			runOnlyForDeploymentPostprocessing = 0;
		};
/* End PBXSourcesBuildPhase section */

/* Begin PBXVariantGroup section */
		F328C2871FB803DF00A8830F /* Main.storyboard */ = {
			isa = PBXVariantGroup;
			children = (
				F328C2881FB803DF00A8830F /* Base */,
			);
			name = Main.storyboard;
			sourceTree = "<group>";
		};
		F328C28C1FB803DF00A8830F /* LaunchScreen.storyboard */ = {
			isa = PBXVariantGroup;
			children = (
				F328C28D1FB803DF00A8830F /* Base */,
			);
			name = LaunchScreen.storyboard;
			sourceTree = "<group>";
		};
/* End PBXVariantGroup section */

/* Begin XCBuildConfiguration section */
		F328C2901FB803DF00A8830F /* Debug */ = {
			isa = XCBuildConfiguration;
			buildSettings = {
				ALWAYS_SEARCH_USER_PATHS = NO;
				CLANG_ANALYZER_NONNULL = YES;
				CLANG_ANALYZER_NUMBER_OBJECT_CONVERSION = YES_AGGRESSIVE;
				CLANG_CXX_LANGUAGE_STANDARD = "gnu++14";
				CLANG_CXX_LIBRARY = "libc++";
				CLANG_ENABLE_MODULES = YES;
				CLANG_ENABLE_OBJC_ARC = YES;
				CLANG_WARN_BLOCK_CAPTURE_AUTORELEASING = YES;
				CLANG_WARN_BOOL_CONVERSION = YES;
				CLANG_WARN_COMMA = YES;
				CLANG_WARN_CONSTANT_CONVERSION = YES;
				CLANG_WARN_DIRECT_OBJC_ISA_USAGE = YES_ERROR;
				CLANG_WARN_DOCUMENTATION_COMMENTS = YES;
				CLANG_WARN_EMPTY_BODY = YES;
				CLANG_WARN_ENUM_CONVERSION = YES;
				CLANG_WARN_INFINITE_RECURSION = YES;
				CLANG_WARN_INT_CONVERSION = YES;
				CLANG_WARN_NON_LITERAL_NULL_CONVERSION = YES;
				CLANG_WARN_OBJC_LITERAL_CONVERSION = YES;
				CLANG_WARN_OBJC_ROOT_CLASS = YES_ERROR;
				CLANG_WARN_RANGE_LOOP_ANALYSIS = YES;
				CLANG_WARN_STRICT_PROTOTYPES = YES;
				CLANG_WARN_SUSPICIOUS_MOVE = YES;
				CLANG_WARN_UNGUARDED_AVAILABILITY = YES_AGGRESSIVE;
				CLANG_WARN_UNREACHABLE_CODE = YES;
				CLANG_WARN__DUPLICATE_METHOD_MATCH = YES;
				CODE_SIGN_IDENTITY = "iPhone Developer";
				COPY_PHASE_STRIP = NO;
				DEBUG_INFORMATION_FORMAT = dwarf;
				ENABLE_STRICT_OBJC_MSGSEND = YES;
				ENABLE_TESTABILITY = YES;
				GCC_C_LANGUAGE_STANDARD = gnu11;
				GCC_DYNAMIC_NO_PIC = NO;
				GCC_NO_COMMON_BLOCKS = YES;
				GCC_OPTIMIZATION_LEVEL = 0;
				GCC_PREPROCESSOR_DEFINITIONS = (
					"DEBUG=1",
					"$(inherited)",
				);
				GCC_WARN_64_TO_32_BIT_CONVERSION = YES;
				GCC_WARN_ABOUT_RETURN_TYPE = YES_ERROR;
				GCC_WARN_UNDECLARED_SELECTOR = YES;
				GCC_WARN_UNINITIALIZED_AUTOS = YES_AGGRESSIVE;
				GCC_WARN_UNUSED_FUNCTION = YES;
				GCC_WARN_UNUSED_VARIABLE = YES;
				IPHONEOS_DEPLOYMENT_TARGET = 11.1;
				MTL_ENABLE_DEBUG_INFO = YES;
				ONLY_ACTIVE_ARCH = YES;
				SDKROOT = iphoneos;
				SWIFT_ACTIVE_COMPILATION_CONDITIONS = DEBUG;
				SWIFT_OPTIMIZATION_LEVEL = "-Onone";
			};
			name = Debug;
		};
		F328C2911FB803DF00A8830F /* Release */ = {
			isa = XCBuildConfiguration;
			buildSettings = {
				ALWAYS_SEARCH_USER_PATHS = NO;
				CLANG_ANALYZER_NONNULL = YES;
				CLANG_ANALYZER_NUMBER_OBJECT_CONVERSION = YES_AGGRESSIVE;
				CLANG_CXX_LANGUAGE_STANDARD = "gnu++14";
				CLANG_CXX_LIBRARY = "libc++";
				CLANG_ENABLE_MODULES = YES;
				CLANG_ENABLE_OBJC_ARC = YES;
				CLANG_WARN_BLOCK_CAPTURE_AUTORELEASING = YES;
				CLANG_WARN_BOOL_CONVERSION = YES;
				CLANG_WARN_COMMA = YES;
				CLANG_WARN_CONSTANT_CONVERSION = YES;
				CLANG_WARN_DIRECT_OBJC_ISA_USAGE = YES_ERROR;
				CLANG_WARN_DOCUMENTATION_COMMENTS = YES;
				CLANG_WARN_EMPTY_BODY = YES;
				CLANG_WARN_ENUM_CONVERSION = YES;
				CLANG_WARN_INFINITE_RECURSION = YES;
				CLANG_WARN_INT_CONVERSION = YES;
				CLANG_WARN_NON_LITERAL_NULL_CONVERSION = YES;
				CLANG_WARN_OBJC_LITERAL_CONVERSION = YES;
				CLANG_WARN_OBJC_ROOT_CLASS = YES_ERROR;
				CLANG_WARN_RANGE_LOOP_ANALYSIS = YES;
				CLANG_WARN_STRICT_PROTOTYPES = YES;
				CLANG_WARN_SUSPICIOUS_MOVE = YES;
				CLANG_WARN_UNGUARDED_AVAILABILITY = YES_AGGRESSIVE;
				CLANG_WARN_UNREACHABLE_CODE = YES;
				CLANG_WARN__DUPLICATE_METHOD_MATCH = YES;
				CODE_SIGN_IDENTITY = "iPhone Developer";
				COPY_PHASE_STRIP = NO;
				DEBUG_INFORMATION_FORMAT = "dwarf-with-dsym";
				ENABLE_NS_ASSERTIONS = NO;
				ENABLE_STRICT_OBJC_MSGSEND = YES;
				GCC_C_LANGUAGE_STANDARD = gnu11;
				GCC_NO_COMMON_BLOCKS = YES;
				GCC_WARN_64_TO_32_BIT_CONVERSION = YES;
				GCC_WARN_ABOUT_RETURN_TYPE = YES_ERROR;
				GCC_WARN_UNDECLARED_SELECTOR = YES;
				GCC_WARN_UNINITIALIZED_AUTOS = YES_AGGRESSIVE;
				GCC_WARN_UNUSED_FUNCTION = YES;
				GCC_WARN_UNUSED_VARIABLE = YES;
				IPHONEOS_DEPLOYMENT_TARGET = 11.1;
				MTL_ENABLE_DEBUG_INFO = NO;
				SDKROOT = iphoneos;
				SWIFT_OPTIMIZATION_LEVEL = "-Owholemodule";
				VALIDATE_PRODUCT = YES;
			};
			name = Release;
		};
		F328C2931FB803DF00A8830F /* Debug */ = {
			isa = XCBuildConfiguration;
			buildSettings = {
				ASSETCATALOG_COMPILER_APPICON_NAME = AppIcon;
				CODE_SIGN_STYLE = Automatic;
				DEVELOPMENT_TEAM = 8F3UBDAU5D;
				INFOPLIST_FILE = Mercenary/Info.plist;
				LD_RUNPATH_SEARCH_PATHS = "$(inherited) @executable_path/Frameworks";
				PRODUCT_BUNDLE_IDENTIFIER = Mercenary.Mercenary;
				PRODUCT_NAME = "$(TARGET_NAME)";
				SWIFT_VERSION = 4.0;
				TARGETED_DEVICE_FAMILY = "1,2";
			};
			name = Debug;
		};
		F328C2941FB803DF00A8830F /* Release */ = {
			isa = XCBuildConfiguration;
			buildSettings = {
				ASSETCATALOG_COMPILER_APPICON_NAME = AppIcon;
				CODE_SIGN_STYLE = Automatic;
				DEVELOPMENT_TEAM = 8F3UBDAU5D;
				INFOPLIST_FILE = Mercenary/Info.plist;
				LD_RUNPATH_SEARCH_PATHS = "$(inherited) @executable_path/Frameworks";
				PRODUCT_BUNDLE_IDENTIFIER = Mercenary.Mercenary;
				PRODUCT_NAME = "$(TARGET_NAME)";
				SWIFT_VERSION = 4.0;
				TARGETED_DEVICE_FAMILY = "1,2";
			};
			name = Release;
		};
/* End XCBuildConfiguration section */

/* Begin XCConfigurationList section */
		F328C2751FB803DF00A8830F /* Build configuration list for PBXProject "Mercenary" */ = {
			isa = XCConfigurationList;
			buildConfigurations = (
				F328C2901FB803DF00A8830F /* Debug */,
				F328C2911FB803DF00A8830F /* Release */,
			);
			defaultConfigurationIsVisible = 0;
			defaultConfigurationName = Release;
		};
		F328C2921FB803DF00A8830F /* Build configuration list for PBXNativeTarget "Mercenary" */ = {
			isa = XCConfigurationList;
			buildConfigurations = (
				F328C2931FB803DF00A8830F /* Debug */,
				F328C2941FB803DF00A8830F /* Release */,
			);
			defaultConfigurationIsVisible = 0;
			defaultConfigurationName = Release;
		};
/* End XCConfigurationList section */
	};
	rootObject = F328C2721FB803DF00A8830F /* Project object */;
}
